
Microsoft Visual Studio Solution File, Format Version 12.00
# Visual Studio Version 17
VisualStudioVersion = 17.8.34525.116
MinimumVisualStudioVersion = 10.0.40219.1
Project("{FAE04EC0-301F-11D3-BF4B-00C04F79EFBC}") = "Person", "Person\Person.csproj", "{40AB48B4-D50A-451C-80B5-14A562B2B7AE}"
EndProject
Global
	GlobalSection(SolutionConfigurationPlatforms) = preSolution
		Debug|Any CPU = Debug|Any CPU
		Release|Any CPU = Release|Any CPU
	EndGlobalSection
	GlobalSection(ProjectConfigurationPlatforms) = postSolution
		{40AB48B4-D50A-451C-80B5-14A562B2B7AE}.Debug|Any CPU.ActiveCfg = Debug|Any CPU
		{40AB48B4-D50A-451C-80B5-14A562B2B7AE}.Debug|Any CPU.Build.0 = Debug|Any CPU
		{40AB48B4-D50A-451C-80B5-14A562B2B7AE}.Release|Any CPU.ActiveCfg = Release|Any CPU
		{40AB48B4-D50A-451C-80B5-14A562B2B7AE}.Release|Any CPU.Build.0 = Release|Any CPU
	EndGlobalSection
	GlobalSection(SolutionProperties) = preSolution
		HideSolutionNode = FALSE
	EndGlobalSection
	GlobalSection(ExtensibilityGlobals) = postSolution
		SolutionGuid = {6B39403F-4A18-4E72-ACBA-5EDD89D4E1CE}
	EndGlobalSection
EndGlobal
